// !$*UTF8*$!
{
	archiveVersion = 1;
	classes = {
	};
	objectVersion = 55;
	objects = {

/* Begin PBXBuildFile section */
		E2CA476828840116009130EC /* AppDelegate.swift in Sources */ = {isa = PBXBuildFile; fileRef = E2CA476728840116009130EC /* AppDelegate.swift */; };
		E2CA476A28840116009130EC /* SceneDelegate.swift in Sources */ = {isa = PBXBuildFile; fileRef = E2CA476928840116009130EC /* SceneDelegate.swift */; };
		E2CA476F28840116009130EC /* Main.storyboard in Resources */ = {isa = PBXBuildFile; fileRef = E2CA476D28840116009130EC /* Main.storyboard */; };
		E2CA477128840117009130EC /* Assets.xcassets in Resources */ = {isa = PBXBuildFile; fileRef = E2CA477028840117009130EC /* Assets.xcassets */; };
		E2CA477428840117009130EC /* LaunchScreen.storyboard in Resources */ = {isa = PBXBuildFile; fileRef = E2CA477228840117009130EC /* LaunchScreen.storyboard */; };
		E2CA478028840230009130EC /* ViewCollectionViewCell.swift in Sources */ = {isa = PBXBuildFile; fileRef = E2CA477F28840230009130EC /* ViewCollectionViewCell.swift */; };
		E2CA47832884065F009130EC /* CollectionViewController.swift in Sources */ = {isa = PBXBuildFile; fileRef = E2CA47822884065F009130EC /* CollectionViewController.swift */; };
		E2CA478528840A35009130EC /* GettingNews.swift in Sources */ = {isa = PBXBuildFile; fileRef = E2CA478428840A35009130EC /* GettingNews.swift */; };
		E2CA478728841445009130EC /* Model.swift in Sources */ = {isa = PBXBuildFile; fileRef = E2CA478628841445009130EC /* Model.swift */; };
/* End PBXBuildFile section */

/* Begin PBXFileReference section */
		E2CA476428840116009130EC /* newsApplication.app */ = {isa = PBXFileReference; explicitFileType = wrapper.application; includeInIndex = 0; path = newsApplication.app; sourceTree = BUILT_PRODUCTS_DIR; };
		E2CA476728840116009130EC /* AppDelegate.swift */ = {isa = PBXFileReference; lastKnownFileType = sourcecode.swift; path = AppDelegate.swift; sourceTree = "<group>"; };
		E2CA476928840116009130EC /* SceneDelegate.swift */ = {isa = PBXFileReference; lastKnownFileType = sourcecode.swift; path = SceneDelegate.swift; sourceTree = "<group>"; };
		E2CA476E28840116009130EC /* Base */ = {isa = PBXFileReference; lastKnownFileType = file.storyboard; name = Base; path = Base.lproj/Main.storyboard; sourceTree = "<group>"; };
		E2CA477028840117009130EC /* Assets.xcassets */ = {isa = PBXFileReference; lastKnownFileType = folder.assetcatalog; path = Assets.xcassets; sourceTree = "<group>"; };
		E2CA477328840117009130EC /* Base */ = {isa = PBXFileReference; lastKnownFileType = file.storyboard; name = Base; path = Base.lproj/LaunchScreen.storyboard; sourceTree = "<group>"; };
		E2CA477528840117009130EC /* Info.plist */ = {isa = PBXFileReference; lastKnownFileType = text.plist.xml; path = Info.plist; sourceTree = "<group>"; };
		E2CA477F28840230009130EC /* ViewCollectionViewCell.swift */ = {isa = PBXFileReference; lastKnownFileType = sourcecode.swift; path = ViewCollectionViewCell.swift; sourceTree = "<group>"; };
		E2CA47822884065F009130EC /* CollectionViewController.swift */ = {isa = PBXFileReference; lastKnownFileType = sourcecode.swift; path = CollectionViewController.swift; sourceTree = "<group>"; };
		E2CA478428840A35009130EC /* GettingNews.swift */ = {isa = PBXFileReference; lastKnownFileType = sourcecode.swift; path = GettingNews.swift; sourceTree = "<group>"; };
		E2CA478628841445009130EC /* Model.swift */ = {isa = PBXFileReference; lastKnownFileType = sourcecode.swift; path = Model.swift; sourceTree = "<group>"; };
/* End PBXFileReference section */

/* Begin PBXFrameworksBuildPhase section */
		E2CA476128840116009130EC /* Frameworks */ = {
			isa = PBXFrameworksBuildPhase;
			buildActionMask = 2147483647;
			files = (
			);
			runOnlyForDeploymentPostprocessing = 0;
		};
/* End PBXFrameworksBuildPhase section */

/* Begin PBXGroup section */
		E2CA475B28840116009130EC = {
			isa = PBXGroup;
			children = (
				E2CA476628840116009130EC /* newsApplication */,
				E2CA476528840116009130EC /* Products */,
			);
			sourceTree = "<group>";
		};
		E2CA476528840116009130EC /* Products */ = {
			isa = PBXGroup;
			children = (
				E2CA476428840116009130EC /* newsApplication.app */,
			);
			name = Products;
			sourceTree = "<group>";
		};
		E2CA476628840116009130EC /* newsApplication */ = {
			isa = PBXGroup;
			children = (
				E2CA477E288401DD009130EC /* StoryBoards */,
				E2CA477B288401C6009130EC /* ViewControllers */,
				E2CA478128840241009130EC /* Models */,
				E2CA477D288401D5009130EC /* Resources */,
				E2CA477C288401CE009130EC /* Assets */,
			);
			path = newsApplication;
			sourceTree = "<group>";
		};
		E2CA477B288401C6009130EC /* ViewControllers */ = {
			isa = PBXGroup;
			children = (
				E2CA477F28840230009130EC /* ViewCollectionViewCell.swift */,
				E2CA47822884065F009130EC /* CollectionViewController.swift */,
			);
			path = ViewControllers;
			sourceTree = "<group>";
		};
		E2CA477C288401CE009130EC /* Assets */ = {
			isa = PBXGroup;
			children = (
				E2CA477028840117009130EC /* Assets.xcassets */,
			);
			path = Assets;
			sourceTree = "<group>";
		};
		E2CA477D288401D5009130EC /* Resources */ = {
			isa = PBXGroup;
			children = (
				E2CA476728840116009130EC /* AppDelegate.swift */,
				E2CA476928840116009130EC /* SceneDelegate.swift */,
				E2CA477528840117009130EC /* Info.plist */,
			);
			path = Resources;
			sourceTree = "<group>";
		};
		E2CA477E288401DD009130EC /* StoryBoards */ = {
			isa = PBXGroup;
			children = (
				E2CA476D28840116009130EC /* Main.storyboard */,
				E2CA477228840117009130EC /* LaunchScreen.storyboard */,
			);
			path = StoryBoards;
			sourceTree = "<group>";
		};
		E2CA478128840241009130EC /* Models */ = {
			isa = PBXGroup;
			children = (
				E2CA478628841445009130EC /* Model.swift */,
				E2CA478428840A35009130EC /* GettingNews.swift */,
			);
			path = Models;
			sourceTree = "<group>";
		};
/* End PBXGroup section */

/* Begin PBXNativeTarget section */
		E2CA476328840116009130EC /* newsApplication */ = {
			isa = PBXNativeTarget;
			buildConfigurationList = E2CA477828840117009130EC /* Build configuration list for PBXNativeTarget "newsApplication" */;
			buildPhases = (
				E2CA476028840116009130EC /* Sources */,
				E2CA476128840116009130EC /* Frameworks */,
				E2CA476228840116009130EC /* Resources */,
			);
			buildRules = (
			);
			dependencies = (
			);
			name = newsApplication;
			productName = newsApplication;
			productReference = E2CA476428840116009130EC /* newsApplication.app */;
			productType = "com.apple.product-type.application";
		};
/* End PBXNativeTarget section */

/* Begin PBXProject section */
		E2CA475C28840116009130EC /* Project object */ = {
			isa = PBXProject;
			attributes = {
				BuildIndependentTargetsInParallel = 1;
				LastSwiftUpdateCheck = 1320;
				LastUpgradeCheck = 1320;
				TargetAttributes = {
					E2CA476328840116009130EC = {
						CreatedOnToolsVersion = 13.2.1;
					};
				};
			};
			buildConfigurationList = E2CA475F28840116009130EC /* Build configuration list for PBXProject "newsApplication" */;
			compatibilityVersion = "Xcode 13.0";
			developmentRegion = en;
			hasScannedForEncodings = 0;
			knownRegions = (
				en,
				Base,
			);
			mainGroup = E2CA475B28840116009130EC;
			productRefGroup = E2CA476528840116009130EC /* Products */;
			projectDirPath = "";
			projectRoot = "";
			targets = (
				E2CA476328840116009130EC /* newsApplication */,
			);
		};
/* End PBXProject section */

/* Begin PBXResourcesBuildPhase section */
		E2CA476228840116009130EC /* Resources */ = {
			isa = PBXResourcesBuildPhase;
			buildActionMask = 2147483647;
			files = (
				E2CA477428840117009130EC /* LaunchScreen.storyboard in Resources */,
				E2CA477128840117009130EC /* Assets.xcassets in Resources */,
				E2CA476F28840116009130EC /* Main.storyboard in Resources */,
			);
			runOnlyForDeploymentPostprocessing = 0;
		};
/* End PBXResourcesBuildPhase section */

/* Begin PBXSourcesBuildPhase section */
		E2CA476028840116009130EC /* Sources */ = {
			isa = PBXSourcesBuildPhase;
			buildActionMask = 2147483647;
			files = (
				E2CA478528840A35009130EC /* GettingNews.swift in Sources */,
				E2CA47832884065F009130EC /* CollectionViewController.swift in Sources */,
				E2CA478028840230009130EC /* ViewCollectionViewCell.swift in Sources */,
				E2CA478728841445009130EC /* Model.swift in Sources */,
				E2CA476828840116009130EC /* AppDelegate.swift in Sources */,
				E2CA476A28840116009130EC /* SceneDelegate.swift in Sources */,
			);
			runOnlyForDeploymentPostprocessing = 0;
		};
/* End PBXSourcesBuildPhase section */

/* Begin PBXVariantGroup section */
		E2CA476D28840116009130EC /* Main.storyboard */ = {
			isa = PBXVariantGroup;
			children = (
				E2CA476E28840116009130EC /* Base */,
			);
			name = Main.storyboard;
			sourceTree = "<group>";
		};
		E2CA477228840117009130EC /* LaunchScreen.storyboard */ = {
			isa = PBXVariantGroup;
			children = (
				E2CA477328840117009130EC /* Base */,
			);
			name = LaunchScreen.storyboard;
			sourceTree = "<group>";
		};
/* End PBXVariantGroup section */

/* Begin XCBuildConfiguration section */
		E2CA477628840117009130EC /* Debug */ = {
			isa = XCBuildConfiguration;
			buildSettings = {
				ALWAYS_SEARCH_USER_PATHS = NO;
				CLANG_ANALYZER_NONNULL = YES;
				CLANG_ANALYZER_NUMBER_OBJECT_CONVERSION = YES_AGGRESSIVE;
				CLANG_CXX_LANGUAGE_STANDARD = "gnu++17";
				CLANG_CXX_LIBRARY = "libc++";
				CLANG_ENABLE_MODULES = YES;
				CLANG_ENABLE_OBJC_ARC = YES;
				CLANG_ENABLE_OBJC_WEAK = YES;
				CLANG_WARN_BLOCK_CAPTURE_AUTORELEASING = YES;
				CLANG_WARN_BOOL_CONVERSION = YES;
				CLANG_WARN_COMMA = YES;
				CLANG_WARN_CONSTANT_CONVERSION = YES;
				CLANG_WARN_DEPRECATED_OBJC_IMPLEMENTATIONS = YES;
				CLANG_WARN_DIRECT_OBJC_ISA_USAGE = YES_ERROR;
				CLANG_WARN_DOCUMENTATION_COMMENTS = YES;
				CLANG_WARN_EMPTY_BODY = YES;
				CLANG_WARN_ENUM_CONVERSION = YES;
				CLANG_WARN_INFINITE_RECURSION = YES;
				CLANG_WARN_INT_CONVERSION = YES;
				CLANG_WARN_NON_LITERAL_NULL_CONVERSION = YES;
				CLANG_WARN_OBJC_IMPLICIT_RETAIN_SELF = YES;
				CLANG_WARN_OBJC_LITERAL_CONVERSION = YES;
				CLANG_WARN_OBJC_ROOT_CLASS = YES_ERROR;
				CLANG_WARN_QUOTED_INCLUDE_IN_FRAMEWORK_HEADER = YES;
				CLANG_WARN_RANGE_LOOP_ANALYSIS = YES;
				CLANG_WARN_STRICT_PROTOTYPES = YES;
				CLANG_WARN_SUSPICIOUS_MOVE = YES;
				CLANG_WARN_UNGUARDED_AVAILABILITY = YES_AGGRESSIVE;
				CLANG_WARN_UNREACHABLE_CODE = YES;
				CLANG_WARN__DUPLICATE_METHOD_MATCH = YES;
				COPY_PHASE_STRIP = NO;
				DEBUG_INFORMATION_FORMAT = dwarf;
				ENABLE_STRICT_OBJC_MSGSEND = YES;
				ENABLE_TESTABILITY = YES;
				GCC_C_LANGUAGE_STANDARD = gnu11;
				GCC_DYNAMIC_NO_PIC = NO;
				GCC_NO_COMMON_BLOCKS = YES;
				GCC_OPTIMIZATION_LEVEL = 0;
				GCC_PREPROCESSOR_DEFINITIONS = (
					"DEBUG=1",
					"$(inherited)",
				);
				GCC_WARN_64_TO_32_BIT_CONVERSION = YES;
				GCC_WARN_ABOUT_RETURN_TYPE = YES_ERROR;
				GCC_WARN_UNDECLARED_SELECTOR = YES;
				GCC_WARN_UNINITIALIZED_AUTOS = YES_AGGRESSIVE;
				GCC_WARN_UNUSED_FUNCTION = YES;
				GCC_WARN_UNUSED_VARIABLE = YES;
				IPHONEOS_DEPLOYMENT_TARGET = 15.2;
				MTL_ENABLE_DEBUG_INFO = INCLUDE_SOURCE;
				MTL_FAST_MATH = YES;
				ONLY_ACTIVE_ARCH = YES;
				SDKROOT = iphoneos;
				SWIFT_ACTIVE_COMPILATION_CONDITIONS = DEBUG;
				SWIFT_OPTIMIZATION_LEVEL = "-Onone";
			};
			name = Debug;
		};
		E2CA477728840117009130EC /* Release */ = {
			isa = XCBuildConfiguration;
			buildSettings = {
				ALWAYS_SEARCH_USER_PATHS = NO;
				CLANG_ANALYZER_NONNULL = YES;
				CLANG_ANALYZER_NUMBER_OBJECT_CONVERSION = YES_AGGRESSIVE;
				CLANG_CXX_LANGUAGE_STANDARD = "gnu++17";
				CLANG_CXX_LIBRARY = "libc++";
				CLANG_ENABLE_MODULES = YES;
				CLANG_ENABLE_OBJC_ARC = YES;
				CLANG_ENABLE_OBJC_WEAK = YES;
				CLANG_WARN_BLOCK_CAPTURE_AUTORELEASING = YES;
				CLANG_WARN_BOOL_CONVERSION = YES;
				CLANG_WARN_COMMA = YES;
				CLANG_WARN_CONSTANT_CONVERSION = YES;
				CLANG_WARN_DEPRECATED_OBJC_IMPLEMENTATIONS = YES;
				CLANG_WARN_DIRECT_OBJC_ISA_USAGE = YES_ERROR;
				CLANG_WARN_DOCUMENTATION_COMMENTS = YES;
				CLANG_WARN_EMPTY_BODY = YES;
				CLANG_WARN_ENUM_CONVERSION = YES;
				CLANG_WARN_INFINITE_RECURSION = YES;
				CLANG_WARN_INT_CONVERSION = YES;
				CLANG_WARN_NON_LITERAL_NULL_CONVERSION = YES;
				CLANG_WARN_OBJC_IMPLICIT_RETAIN_SELF = YES;
				CLANG_WARN_OBJC_LITERAL_CONVERSION = YES;
				CLANG_WARN_OBJC_ROOT_CLASS = YES_ERROR;
				CLANG_WARN_QUOTED_INCLUDE_IN_FRAMEWORK_HEADER = YES;
				CLANG_WARN_RANGE_LOOP_ANALYSIS = YES;
				CLANG_WARN_STRICT_PROTOTYPES = YES;
				CLANG_WARN_SUSPICIOUS_MOVE = YES;
				CLANG_WARN_UNGUARDED_AVAILABILITY = YES_AGGRESSIVE;
				CLANG_WARN_UNREACHABLE_CODE = YES;
				CLANG_WARN__DUPLICATE_METHOD_MATCH = YES;
				COPY_PHASE_STRIP = NO;
				DEBUG_INFORMATION_FORMAT = "dwarf-with-dsym";
				ENABLE_NS_ASSERTIONS = NO;
				ENABLE_STRICT_OBJC_MSGSEND = YES;
				GCC_C_LANGUAGE_STANDARD = gnu11;
				GCC_NO_COMMON_BLOCKS = YES;
				GCC_WARN_64_TO_32_BIT_CONVERSION = YES;
				GCC_WARN_ABOUT_RETURN_TYPE = YES_ERROR;
				GCC_WARN_UNDECLARED_SELECTOR = YES;
				GCC_WARN_UNINITIALIZED_AUTOS = YES_AGGRESSIVE;
				GCC_WARN_UNUSED_FUNCTION = YES;
				GCC_WARN_UNUSED_VARIABLE = YES;
				IPHONEOS_DEPLOYMENT_TARGET = 15.2;
				MTL_ENABLE_DEBUG_INFO = NO;
				MTL_FAST_MATH = YES;
				SDKROOT = iphoneos;
				SWIFT_COMPILATION_MODE = wholemodule;
				SWIFT_OPTIMIZATION_LEVEL = "-O";
				VALIDATE_PRODUCT = YES;
			};
			name = Release;
		};
		E2CA477928840117009130EC /* Debug */ = {
			isa = XCBuildConfiguration;
			buildSettings = {
				ASSETCATALOG_COMPILER_APPICON_NAME = AppIcon;
				ASSETCATALOG_COMPILER_GLOBAL_ACCENT_COLOR_NAME = AccentColor;
				CODE_SIGN_STYLE = Automatic;
				CURRENT_PROJECT_VERSION = 1;
				DEVELOPMENT_TEAM = BYFTVC42WF;
				GENERATE_INFOPLIST_FILE = YES;
				INFOPLIST_FILE = newsApplication/Resources/Info.plist;
				INFOPLIST_KEY_UIApplicationSupportsIndirectInputEvents = YES;
				INFOPLIST_KEY_UILaunchStoryboardName = LaunchScreen;
				INFOPLIST_KEY_UIMainStoryboardFile = Main;
				INFOPLIST_KEY_UISupportedInterfaceOrientations_iPad = "UIInterfaceOrientationPortrait UIInterfaceOrientationPortraitUpsideDown UIInterfaceOrientationLandscapeLeft UIInterfaceOrientationLandscapeRight";
				INFOPLIST_KEY_UISupportedInterfaceOrientations_iPhone = "UIInterfaceOrientationPortrait UIInterfaceOrientationLandscapeLeft UIInterfaceOrientationLandscapeRight";
				LD_RUNPATH_SEARCH_PATHS = (
					"$(inherited)",
					"@executable_path/Frameworks",
				);
				MARKETING_VERSION = 1.0;
				PRODUCT_BUNDLE_IDENTIFIER = BrinyPiny.newsApplication;
				PRODUCT_NAME = "$(TARGET_NAME)";
				SWIFT_EMIT_LOC_STRINGS = YES;
				SWIFT_VERSION = 5.0;
				TARGETED_DEVICE_FAMILY = "1,2";
			};
			name = Debug;
		};
		E2CA477A28840117009130EC /* Release */ = {
			isa = XCBuildConfiguration;
			buildSettings = {
				ASSETCATALOG_COMPILER_APPICON_NAME = AppIcon;
				ASSETCATALOG_COMPILER_GLOBAL_ACCENT_COLOR_NAME = AccentColor;
				CODE_SIGN_STYLE = Automatic;
				CURRENT_PROJECT_VERSION = 1;
				DEVELOPMENT_TEAM = BYFTVC42WF;
				GENERATE_INFOPLIST_FILE = YES;
				INFOPLIST_FILE = newsApplication/Resources/Info.plist;
				INFOPLIST_KEY_UIApplicationSupportsIndirectInputEvents = YES;
				INFOPLIST_KEY_UILaunchStoryboardName = LaunchScreen;
				INFOPLIST_KEY_UIMainStoryboardFile = Main;
				INFOPLIST_KEY_UISupportedInterfaceOrientations_iPad = "UIInterfaceOrientationPortrait UIInterfaceOrientationPortraitUpsideDown UIInterfaceOrientationLandscapeLeft UIInterfaceOrientationLandscapeRight";
				INFOPLIST_KEY_UISupportedInterfaceOrientations_iPhone = "UIInterfaceOrientationPortrait UIInterfaceOrientationLandscapeLeft UIInterfaceOrientationLandscapeRight";
				LD_RUNPATH_SEARCH_PATHS = (
					"$(inherited)",
					"@executable_path/Frameworks",
				);
				MARKETING_VERSION = 1.0;
				PRODUCT_BUNDLE_IDENTIFIER = BrinyPiny.newsApplication;
				PRODUCT_NAME = "$(TARGET_NAME)";
				SWIFT_EMIT_LOC_STRINGS = YES;
				SWIFT_VERSION = 5.0;
				TARGETED_DEVICE_FAMILY = "1,2";
			};
			name = Release;
		};
/* End XCBuildConfiguration section */

/* Begin XCConfigurationList section */
		E2CA475F28840116009130EC /* Build configuration list for PBXProject "newsApplication" */ = {
			isa = XCConfigurationList;
			buildConfigurations = (
				E2CA477628840117009130EC /* Debug */,
				E2CA477728840117009130EC /* Release */,
			);
			defaultConfigurationIsVisible = 0;
			defaultConfigurationName = Release;
		};
		E2CA477828840117009130EC /* Build configuration list for PBXNativeTarget "newsApplication" */ = {
			isa = XCConfigurationList;
			buildConfigurations = (
				E2CA477928840117009130EC /* Debug */,
				E2CA477A28840117009130EC /* Release */,
			);
			defaultConfigurationIsVisible = 0;
			defaultConfigurationName = Release;
		};
/* End XCConfigurationList section */
	};
	rootObject = E2CA475C28840116009130EC /* Project object */;
}
